
Microsoft Visual Studio Solution File, Format Version 12.00
# Visual Studio 15
VisualStudioVersion = 15.0.28307.572
MinimumVisualStudioVersion = 10.0.40219.1
Project("{FAE04EC0-301F-11D3-BF4B-00C04F79EFBC}") = "multiplicacion", "multiplicacion\multiplicacion.csproj", "{941CA09C-4C9D-4C1D-A35A-4FDC86873F7C}"
EndProject
Global
	GlobalSection(SolutionConfigurationPlatforms) = preSolution
		Debug|Any CPU = Debug|Any CPU
		Release|Any CPU = Release|Any CPU
	EndGlobalSection
	GlobalSection(ProjectConfigurationPlatforms) = postSolution
		{941CA09C-4C9D-4C1D-A35A-4FDC86873F7C}.Debug|Any CPU.ActiveCfg = Debug|Any CPU
		{941CA09C-4C9D-4C1D-A35A-4FDC86873F7C}.Debug|Any CPU.Build.0 = Debug|Any CPU
		{941CA09C-4C9D-4C1D-A35A-4FDC86873F7C}.Release|Any CPU.ActiveCfg = Release|Any CPU
		{941CA09C-4C9D-4C1D-A35A-4FDC86873F7C}.Release|Any CPU.Build.0 = Release|Any CPU
	EndGlobalSection
	GlobalSection(SolutionProperties) = preSolution
		HideSolutionNode = FALSE
	EndGlobalSection
	GlobalSection(ExtensibilityGlobals) = postSolution
		SolutionGuid = {7B186960-CFCB-4942-862A-3F167CB22A7B}
	EndGlobalSection
EndGlobal
